
Microsoft Visual Studio Solution File, Format Version 12.00
# Visual Studio Version 17
VisualStudioVersion = 17.10.35004.147
MinimumVisualStudioVersion = 10.0.40219.1
Project("{FAE04EC0-301F-11D3-BF4B-00C04F79EFBC}") = "AutoMoreira.Base.Lib", "AutoMoreira.Base.Lib\AutoMoreira.Base.Lib.csproj", "{A0102C70-8EAA-4719-98BE-7AD058EA5F99}"
EndProject
Global
	GlobalSection(SolutionConfigurationPlatforms) = preSolution
		Debug|Any CPU = Debug|Any CPU
		Release|Any CPU = Release|Any CPU
	EndGlobalSection
	GlobalSection(ProjectConfigurationPlatforms) = postSolution
		{A0102C70-8EAA-4719-98BE-7AD058EA5F99}.Debug|Any CPU.ActiveCfg = Debug|Any CPU
		{A0102C70-8EAA-4719-98BE-7AD058EA5F99}.Debug|Any CPU.Build.0 = Debug|Any CPU
		{A0102C70-8EAA-4719-98BE-7AD058EA5F99}.Release|Any CPU.ActiveCfg = Release|Any CPU
		{A0102C70-8EAA-4719-98BE-7AD058EA5F99}.Release|Any CPU.Build.0 = Release|Any CPU
	EndGlobalSection
	GlobalSection(SolutionProperties) = preSolution
		HideSolutionNode = FALSE
	EndGlobalSection
	GlobalSection(ExtensibilityGlobals) = postSolution
		SolutionGuid = {0EEFAD04-6EF1-441B-9A1A-7293873C1D2E}
	EndGlobalSection
EndGlobal
